
Microsoft Visual Studio Solution File, Format Version 12.00
# Visual Studio Version 16
VisualStudioVersion = 16.0.28922.388
MinimumVisualStudioVersion = 10.0.40219.1
Project("{FAE04EC0-301F-11D3-BF4B-00C04F79EFBC}") = "Leitner", "Leitner\Leitner.csproj", "{01140C85-2CD2-4CFB-AA7B-F1D6EBEA5B08}"
EndProject
Project("{FAE04EC0-301F-11D3-BF4B-00C04F79EFBC}") = "Engine", "Engine\Engine.csproj", "{3A8CBCCF-DA14-41D9-8500-670D0974CD3A}"
EndProject
Global
	GlobalSection(SolutionConfigurationPlatforms) = preSolution
		Debug|Any CPU = Debug|Any CPU
		Release|Any CPU = Release|Any CPU
	EndGlobalSection
	GlobalSection(ProjectConfigurationPlatforms) = postSolution
		{01140C85-2CD2-4CFB-AA7B-F1D6EBEA5B08}.Debug|Any CPU.ActiveCfg = Debug|Any CPU
		{01140C85-2CD2-4CFB-AA7B-F1D6EBEA5B08}.Debug|Any CPU.Build.0 = Debug|Any CPU
		{01140C85-2CD2-4CFB-AA7B-F1D6EBEA5B08}.Release|Any CPU.ActiveCfg = Release|Any CPU
		{01140C85-2CD2-4CFB-AA7B-F1D6EBEA5B08}.Release|Any CPU.Build.0 = Release|Any CPU
		{3A8CBCCF-DA14-41D9-8500-670D0974CD3A}.Debug|Any CPU.ActiveCfg = Debug|Any CPU
		{3A8CBCCF-DA14-41D9-8500-670D0974CD3A}.Debug|Any CPU.Build.0 = Debug|Any CPU
		{3A8CBCCF-DA14-41D9-8500-670D0974CD3A}.Release|Any CPU.ActiveCfg = Release|Any CPU
		{3A8CBCCF-DA14-41D9-8500-670D0974CD3A}.Release|Any CPU.Build.0 = Release|Any CPU
	EndGlobalSection
	GlobalSection(SolutionProperties) = preSolution
		HideSolutionNode = FALSE
	EndGlobalSection
	GlobalSection(ExtensibilityGlobals) = postSolution
		SolutionGuid = {04358863-56F5-4D7F-8040-5B0CE6D568EF}
	EndGlobalSection
EndGlobal
